
Microsoft Visual Studio Solution File, Format Version 12.00
# Visual Studio 15
VisualStudioVersion = 15.0.26228.4
MinimumVisualStudioVersion = 10.0.40219.1
Project("{FAE04EC0-301F-11D3-BF4B-00C04F79EFBC}") = "HeroSchool", "HeroSchool\HeroSchool.csproj", "{095AEE4C-6405-4147-8389-9F933A9795E1}"
EndProject
Project("{FAE04EC0-301F-11D3-BF4B-00C04F79EFBC}") = "HeroSchoolTest", "HeroSchoolTest\HeroSchoolTest.csproj", "{B0B3C08B-ECC7-4AC1-8721-CB004DB20711}"
EndProject
Global
	GlobalSection(SolutionConfigurationPlatforms) = preSolution
		Debug|Any CPU = Debug|Any CPU
		Release|Any CPU = Release|Any CPU
	EndGlobalSection
	GlobalSection(ProjectConfigurationPlatforms) = postSolution
		{095AEE4C-6405-4147-8389-9F933A9795E1}.Debug|Any CPU.ActiveCfg = Debug|Any CPU
		{095AEE4C-6405-4147-8389-9F933A9795E1}.Debug|Any CPU.Build.0 = Debug|Any CPU
		{095AEE4C-6405-4147-8389-9F933A9795E1}.Release|Any CPU.ActiveCfg = Release|Any CPU
		{095AEE4C-6405-4147-8389-9F933A9795E1}.Release|Any CPU.Build.0 = Release|Any CPU
		{B0B3C08B-ECC7-4AC1-8721-CB004DB20711}.Debug|Any CPU.ActiveCfg = Debug|Any CPU
		{B0B3C08B-ECC7-4AC1-8721-CB004DB20711}.Debug|Any CPU.Build.0 = Debug|Any CPU
		{B0B3C08B-ECC7-4AC1-8721-CB004DB20711}.Release|Any CPU.ActiveCfg = Release|Any CPU
		{B0B3C08B-ECC7-4AC1-8721-CB004DB20711}.Release|Any CPU.Build.0 = Release|Any CPU
	EndGlobalSection
	GlobalSection(SolutionProperties) = preSolution
		HideSolutionNode = FALSE
	EndGlobalSection
EndGlobal
