
Microsoft Visual Studio Solution File, Format Version 12.00
# Visual Studio 15
VisualStudioVersion = 15.0.26228.9
MinimumVisualStudioVersion = 10.0.40219.1
Project("{FAE04EC0-301F-11D3-BF4B-00C04F79EFBC}") = "HeroSchoolTest", "HeroSchoolTest\HeroSchoolTest.csproj", "{B0B3C08B-ECC7-4AC1-8721-CB004DB20711}"
EndProject
Project("{9092AA53-FB77-4645-B42D-1CCCA6BD08BD}") = "HeroSchoolNode", "C:\Users\lofthouser\Documents\Visual Studio 2017\Projects\HeroSchoolNode\HeroSchoolNode\HeroSchoolNode.njsproj", "{3517A913-E4A8-46D4-98F6-9BAD9E924E00}"
EndProject
Project("{FAE04EC0-301F-11D3-BF4B-00C04F79EFBC}") = "HeroSchoolUI", "HeroSchoolUI\HeroSchoolUI.csproj", "{3FB78479-076A-40EA-858E-562F3EEAA7DF}"
EndProject
Project("{FAE04EC0-301F-11D3-BF4B-00C04F79EFBC}") = "HeroSchool.Core", "HeroSchool.Core\HeroSchool.Core.csproj", "{98F5A52E-A1E9-4EE8-97D8-5247F0547C76}"
EndProject
Project("{2150E333-8FDC-42A3-9474-1A3956D46DE8}") = "Core", "Core", "{13A56036-A4A9-4984-9144-478FE77C6659}"
EndProject
Project("{2150E333-8FDC-42A3-9474-1A3956D46DE8}") = "Framework", "Framework", "{CDD03130-FB3C-4982-9AE2-37A5F028B0E4}"
EndProject
Project("{2150E333-8FDC-42A3-9474-1A3956D46DE8}") = "Node", "Node", "{2A4BC508-F586-415A-9834-530F56A245DC}"
EndProject
Project("{FAE04EC0-301F-11D3-BF4B-00C04F79EFBC}") = "HeroSchool", "HeroSchool\HeroSchool.csproj", "{095AEE4C-6405-4147-8389-9F933A9795E1}"
EndProject
Project("{FAE04EC0-301F-11D3-BF4B-00C04F79EFBC}") = "HeroSchool.Web", "HeroSchool.Web\HeroSchool.Web.csproj", "{4339FFAB-A079-44C0-9F1B-7140038A90DA}"
EndProject
Global
	GlobalSection(SolutionConfigurationPlatforms) = preSolution
		Debug|Any CPU = Debug|Any CPU
		Release|Any CPU = Release|Any CPU
	EndGlobalSection
	GlobalSection(ProjectConfigurationPlatforms) = postSolution
		{B0B3C08B-ECC7-4AC1-8721-CB004DB20711}.Debug|Any CPU.ActiveCfg = Debug|Any CPU
		{B0B3C08B-ECC7-4AC1-8721-CB004DB20711}.Debug|Any CPU.Build.0 = Debug|Any CPU
		{B0B3C08B-ECC7-4AC1-8721-CB004DB20711}.Release|Any CPU.ActiveCfg = Release|Any CPU
		{B0B3C08B-ECC7-4AC1-8721-CB004DB20711}.Release|Any CPU.Build.0 = Release|Any CPU
		{3517A913-E4A8-46D4-98F6-9BAD9E924E00}.Debug|Any CPU.ActiveCfg = Debug|Any CPU
		{3517A913-E4A8-46D4-98F6-9BAD9E924E00}.Debug|Any CPU.Build.0 = Debug|Any CPU
		{3517A913-E4A8-46D4-98F6-9BAD9E924E00}.Release|Any CPU.ActiveCfg = Release|Any CPU
		{3517A913-E4A8-46D4-98F6-9BAD9E924E00}.Release|Any CPU.Build.0 = Release|Any CPU
		{3FB78479-076A-40EA-858E-562F3EEAA7DF}.Debug|Any CPU.ActiveCfg = Debug|Any CPU
		{3FB78479-076A-40EA-858E-562F3EEAA7DF}.Debug|Any CPU.Build.0 = Debug|Any CPU
		{3FB78479-076A-40EA-858E-562F3EEAA7DF}.Release|Any CPU.ActiveCfg = Release|Any CPU
		{3FB78479-076A-40EA-858E-562F3EEAA7DF}.Release|Any CPU.Build.0 = Release|Any CPU
		{98F5A52E-A1E9-4EE8-97D8-5247F0547C76}.Debug|Any CPU.ActiveCfg = Debug|Any CPU
		{98F5A52E-A1E9-4EE8-97D8-5247F0547C76}.Debug|Any CPU.Build.0 = Debug|Any CPU
		{98F5A52E-A1E9-4EE8-97D8-5247F0547C76}.Release|Any CPU.ActiveCfg = Release|Any CPU
		{98F5A52E-A1E9-4EE8-97D8-5247F0547C76}.Release|Any CPU.Build.0 = Release|Any CPU
		{095AEE4C-6405-4147-8389-9F933A9795E1}.Debug|Any CPU.ActiveCfg = Debug|Any CPU
		{095AEE4C-6405-4147-8389-9F933A9795E1}.Debug|Any CPU.Build.0 = Debug|Any CPU
		{095AEE4C-6405-4147-8389-9F933A9795E1}.Release|Any CPU.ActiveCfg = Release|Any CPU
		{095AEE4C-6405-4147-8389-9F933A9795E1}.Release|Any CPU.Build.0 = Release|Any CPU
		{4339FFAB-A079-44C0-9F1B-7140038A90DA}.Debug|Any CPU.ActiveCfg = Debug|Any CPU
		{4339FFAB-A079-44C0-9F1B-7140038A90DA}.Debug|Any CPU.Build.0 = Debug|Any CPU
		{4339FFAB-A079-44C0-9F1B-7140038A90DA}.Release|Any CPU.ActiveCfg = Release|Any CPU
		{4339FFAB-A079-44C0-9F1B-7140038A90DA}.Release|Any CPU.Build.0 = Release|Any CPU
	EndGlobalSection
	GlobalSection(SolutionProperties) = preSolution
		HideSolutionNode = FALSE
	EndGlobalSection
	GlobalSection(NestedProjects) = preSolution
		{B0B3C08B-ECC7-4AC1-8721-CB004DB20711} = {CDD03130-FB3C-4982-9AE2-37A5F028B0E4}
		{3517A913-E4A8-46D4-98F6-9BAD9E924E00} = {2A4BC508-F586-415A-9834-530F56A245DC}
		{3FB78479-076A-40EA-858E-562F3EEAA7DF} = {CDD03130-FB3C-4982-9AE2-37A5F028B0E4}
		{98F5A52E-A1E9-4EE8-97D8-5247F0547C76} = {13A56036-A4A9-4984-9144-478FE77C6659}
		{095AEE4C-6405-4147-8389-9F933A9795E1} = {CDD03130-FB3C-4982-9AE2-37A5F028B0E4}
		{4339FFAB-A079-44C0-9F1B-7140038A90DA} = {13A56036-A4A9-4984-9144-478FE77C6659}
	EndGlobalSection
EndGlobal
